
Microsoft Visual Studio Solution File, Format Version 12.00
# Visual Studio Version 17
VisualStudioVersion = 17.13.35825.156 d17.13
MinimumVisualStudioVersion = 10.0.40219.1
Project("{FAE04EC0-301F-11D3-BF4B-00C04F79EFBC}") = "Lab6", "Lab6\Lab6.csproj", "{A0E7E28E-580A-4DDF-BA8D-2FEF318609DC}"
EndProject
Global
	GlobalSection(SolutionConfigurationPlatforms) = preSolution
		Debug|Any CPU = Debug|Any CPU
		Release|Any CPU = Release|Any CPU
	EndGlobalSection
	GlobalSection(ProjectConfigurationPlatforms) = postSolution
		{A0E7E28E-580A-4DDF-BA8D-2FEF318609DC}.Debug|Any CPU.ActiveCfg = Debug|Any CPU
		{A0E7E28E-580A-4DDF-BA8D-2FEF318609DC}.Debug|Any CPU.Build.0 = Debug|Any CPU
		{A0E7E28E-580A-4DDF-BA8D-2FEF318609DC}.Release|Any CPU.ActiveCfg = Release|Any CPU
		{A0E7E28E-580A-4DDF-BA8D-2FEF318609DC}.Release|Any CPU.Build.0 = Release|Any CPU
	EndGlobalSection
	GlobalSection(SolutionProperties) = preSolution
		HideSolutionNode = FALSE
	EndGlobalSection
	GlobalSection(ExtensibilityGlobals) = postSolution
		SolutionGuid = {DEC1E67D-7E5E-4CDD-A827-5D32B1A61280}
	EndGlobalSection
EndGlobal
